
Microsoft Visual Studio Solution File, Format Version 12.00
# Visual Studio Version 16
VisualStudioVersion = 16.0.29911.84
MinimumVisualStudioVersion = 10.0.40219.1
Project("{FAE04EC0-301F-11D3-BF4B-00C04F79EFBC}") = "start.ng csharp first task", "start.ng csharp first task\start.ng csharp first task.csproj", "{ECBC55BE-30C0-44E1-9E8F-E3792F576DBD}"
EndProject
Global
	GlobalSection(SolutionConfigurationPlatforms) = preSolution
		Debug|Any CPU = Debug|Any CPU
		Release|Any CPU = Release|Any CPU
	EndGlobalSection
	GlobalSection(ProjectConfigurationPlatforms) = postSolution
		{ECBC55BE-30C0-44E1-9E8F-E3792F576DBD}.Debug|Any CPU.ActiveCfg = Debug|Any CPU
		{ECBC55BE-30C0-44E1-9E8F-E3792F576DBD}.Debug|Any CPU.Build.0 = Debug|Any CPU
		{ECBC55BE-30C0-44E1-9E8F-E3792F576DBD}.Release|Any CPU.ActiveCfg = Release|Any CPU
		{ECBC55BE-30C0-44E1-9E8F-E3792F576DBD}.Release|Any CPU.Build.0 = Release|Any CPU
	EndGlobalSection
	GlobalSection(SolutionProperties) = preSolution
		HideSolutionNode = FALSE
	EndGlobalSection
	GlobalSection(ExtensibilityGlobals) = postSolution
		SolutionGuid = {DBF7BC87-22A9-42AE-8431-C8761D7F92F6}
	EndGlobalSection
EndGlobal
